
Microsoft Visual Studio Solution File, Format Version 12.00
# Visual Studio Version 16
VisualStudioVersion = 16.0.31321.278
MinimumVisualStudioVersion = 10.0.40219.1
Project("{FAE04EC0-301F-11D3-BF4B-00C04F79EFBC}") = "ConsoleApp1", "ConsoleApp1.csproj", "{9ABB27FB-6D09-42E8-9534-DDD76F731A2E}"
EndProject
Global
	GlobalSection(SolutionConfigurationPlatforms) = preSolution
		Debug|Any CPU = Debug|Any CPU
		Release|Any CPU = Release|Any CPU
	EndGlobalSection
	GlobalSection(ProjectConfigurationPlatforms) = postSolution
		{9ABB27FB-6D09-42E8-9534-DDD76F731A2E}.Debug|Any CPU.ActiveCfg = Debug|Any CPU
		{9ABB27FB-6D09-42E8-9534-DDD76F731A2E}.Debug|Any CPU.Build.0 = Debug|Any CPU
		{9ABB27FB-6D09-42E8-9534-DDD76F731A2E}.Release|Any CPU.ActiveCfg = Release|Any CPU
		{9ABB27FB-6D09-42E8-9534-DDD76F731A2E}.Release|Any CPU.Build.0 = Release|Any CPU
	EndGlobalSection
	GlobalSection(SolutionProperties) = preSolution
		HideSolutionNode = FALSE
	EndGlobalSection
	GlobalSection(ExtensibilityGlobals) = postSolution
		SolutionGuid = {FFD531DB-6B6D-47FD-9E6C-D950F22D2036}
	EndGlobalSection
EndGlobal
