
Microsoft Visual Studio Solution File, Format Version 12.00
Project("{FAE04EC0-301F-11D3-BF4B-00C04F79EFBC}") = "Stuffs", "Stuffs\Stuffs.csproj", "{0F44F6F6-7CCB-46D3-AC52-30C7AC5AABD3}"
EndProject
Global
	GlobalSection(SolutionConfigurationPlatforms) = preSolution
		Debug|Any CPU = Debug|Any CPU
		Release|Any CPU = Release|Any CPU
	EndGlobalSection
	GlobalSection(ProjectConfigurationPlatforms) = postSolution
		{0F44F6F6-7CCB-46D3-AC52-30C7AC5AABD3}.Debug|Any CPU.ActiveCfg = Debug|Any CPU
		{0F44F6F6-7CCB-46D3-AC52-30C7AC5AABD3}.Debug|Any CPU.Build.0 = Debug|Any CPU
		{0F44F6F6-7CCB-46D3-AC52-30C7AC5AABD3}.Release|Any CPU.ActiveCfg = Release|Any CPU
		{0F44F6F6-7CCB-46D3-AC52-30C7AC5AABD3}.Release|Any CPU.Build.0 = Release|Any CPU
	EndGlobalSection
EndGlobal
